// !$*UTF8*$!
{
	archiveVersion = 1;
	classes = {
	};
	objectVersion = 46;
	objects = {

/* Begin PBXBuildFile section */
		30A0AB591ACC12A600A0DDA3 /* main.cpp in Sources */ = {isa = PBXBuildFile; fileRef = 30A0AB581ACC12A600A0DDA3 /* main.cpp */; };
/* End PBXBuildFile section */

/* Begin PBXCopyFilesBuildPhase section */
		30A0AB531ACC12A600A0DDA3 /* CopyFiles */ = {
			isa = PBXCopyFilesBuildPhase;
			buildActionMask = 2147483647;
			dstPath = /usr/share/man/man1/;
			dstSubfolderSpec = 0;
			files = (
			);
			runOnlyForDeploymentPostprocessing = 1;
		};
/* End PBXCopyFilesBuildPhase section */

/* Begin PBXFileReference section */
		30A0AB551ACC12A600A0DDA3 /* PAT(1009) */ = {isa = PBXFileReference; explicitFileType = "compiled.mach-o.executable"; includeInIndex = 0; path = "PAT(1009)"; sourceTree = BUILT_PRODUCTS_DIR; };
		30A0AB581ACC12A600A0DDA3 /* main.cpp */ = {isa = PBXFileReference; lastKnownFileType = sourcecode.cpp.cpp; path = main.cpp; sourceTree = "<group>"; };
		30A0AB5F1ACC12C000A0DDA3 /* README.rtf */ = {isa = PBXFileReference; fileEncoding = 4; lastKnownFileType = text.rtf; path = README.rtf; sourceTree = "<group>"; };
/* End PBXFileReference section */

/* Begin PBXFrameworksBuildPhase section */
		30A0AB521ACC12A600A0DDA3 /* Frameworks */ = {
			isa = PBXFrameworksBuildPhase;
			buildActionMask = 2147483647;
			files = (
			);
			runOnlyForDeploymentPostprocessing = 0;
		};
/* End PBXFrameworksBuildPhase section */

/* Begin PBXGroup section */
		30A0AB4C1ACC12A600A0DDA3 = {
			isa = PBXGroup;
			children = (
				30A0AB571ACC12A600A0DDA3 /* PAT(1009) */,
				30A0AB561ACC12A600A0DDA3 /* Products */,
			);
			sourceTree = "<group>";
		};
		30A0AB561ACC12A600A0DDA3 /* Products */ = {
			isa = PBXGroup;
			children = (
				30A0AB551ACC12A600A0DDA3 /* PAT(1009) */,
			);
			name = Products;
			sourceTree = "<group>";
		};
		30A0AB571ACC12A600A0DDA3 /* PAT(1009) */ = {
			isa = PBXGroup;
			children = (
				30A0AB581ACC12A600A0DDA3 /* main.cpp */,
				30A0AB5F1ACC12C000A0DDA3 /* README.rtf */,
			);
			path = "PAT(1009)";
			sourceTree = "<group>";
		};
/* End PBXGroup section */

/* Begin PBXNativeTarget section */
		30A0AB541ACC12A600A0DDA3 /* PAT(1009) */ = {
			isa = PBXNativeTarget;
			buildConfigurationList = 30A0AB5C1ACC12A600A0DDA3 /* Build configuration list for PBXNativeTarget "PAT(1009)" */;
			buildPhases = (
				30A0AB511ACC12A600A0DDA3 /* Sources */,
				30A0AB521ACC12A600A0DDA3 /* Frameworks */,
				30A0AB531ACC12A600A0DDA3 /* CopyFiles */,
			);
			buildRules = (
			);
			dependencies = (
			);
			name = "PAT(1009)";
			productName = "PAT(1009)";
			productReference = 30A0AB551ACC12A600A0DDA3 /* PAT(1009) */;
			productType = "com.apple.product-type.tool";
		};
/* End PBXNativeTarget section */

/* Begin PBXProject section */
		30A0AB4D1ACC12A600A0DDA3 /* Project object */ = {
			isa = PBXProject;
			attributes = {
				LastUpgradeCheck = 0620;
				ORGANIZATIONNAME = Aquaird;
				TargetAttributes = {
					30A0AB541ACC12A600A0DDA3 = {
						CreatedOnToolsVersion = 6.2;
					};
				};
			};
			buildConfigurationList = 30A0AB501ACC12A600A0DDA3 /* Build configuration list for PBXProject "PAT(1009)" */;
			compatibilityVersion = "Xcode 3.2";
			developmentRegion = English;
			hasScannedForEncodings = 0;
			knownRegions = (
				en,
			);
			mainGroup = 30A0AB4C1ACC12A600A0DDA3;
			productRefGroup = 30A0AB561ACC12A600A0DDA3 /* Products */;
			projectDirPath = "";
			projectRoot = "";
			targets = (
				30A0AB541ACC12A600A0DDA3 /* PAT(1009) */,
			);
		};
/* End PBXProject section */

/* Begin PBXSourcesBuildPhase section */
		30A0AB511ACC12A600A0DDA3 /* Sources */ = {
			isa = PBXSourcesBuildPhase;
			buildActionMask = 2147483647;
			files = (
				30A0AB591ACC12A600A0DDA3 /* main.cpp in Sources */,
			);
			runOnlyForDeploymentPostprocessing = 0;
		};
/* End PBXSourcesBuildPhase section */

/* Begin XCBuildConfiguration section */
		30A0AB5A1ACC12A600A0DDA3 /* Debug */ = {
			isa = XCBuildConfiguration;
			buildSettings = {
				ALWAYS_SEARCH_USER_PATHS = NO;
				CLANG_CXX_LANGUAGE_STANDARD = "gnu++0x";
				CLANG_CXX_LIBRARY = "libc++";
				CLANG_ENABLE_MODULES = YES;
				CLANG_ENABLE_OBJC_ARC = YES;
				CLANG_WARN_BOOL_CONVERSION = YES;
				CLANG_WARN_CONSTANT_CONVERSION = YES;
				CLANG_WARN_DIRECT_OBJC_ISA_USAGE = YES_ERROR;
				CLANG_WARN_EMPTY_BODY = YES;
				CLANG_WARN_ENUM_CONVERSION = YES;
				CLANG_WARN_INT_CONVERSION = YES;
				CLANG_WARN_OBJC_ROOT_CLASS = YES_ERROR;
				CLANG_WARN_UNREACHABLE_CODE = YES;
				CLANG_WARN__DUPLICATE_METHOD_MATCH = YES;
				COPY_PHASE_STRIP = NO;
				ENABLE_STRICT_OBJC_MSGSEND = YES;
				GCC_C_LANGUAGE_STANDARD = gnu99;
				GCC_DYNAMIC_NO_PIC = NO;
				GCC_OPTIMIZATION_LEVEL = 0;
				GCC_PREPROCESSOR_DEFINITIONS = (
					"DEBUG=1",
					"$(inherited)",
				);
				GCC_SYMBOLS_PRIVATE_EXTERN = NO;
				GCC_WARN_64_TO_32_BIT_CONVERSION = YES;
				GCC_WARN_ABOUT_RETURN_TYPE = YES_ERROR;
				GCC_WARN_UNDECLARED_SELECTOR = YES;
				GCC_WARN_UNINITIALIZED_AUTOS = YES_AGGRESSIVE;
				GCC_WARN_UNUSED_FUNCTION = YES;
				GCC_WARN_UNUSED_VARIABLE = YES;
				MACOSX_DEPLOYMENT_TARGET = 10.10;
				MTL_ENABLE_DEBUG_INFO = YES;
				ONLY_ACTIVE_ARCH = YES;
				SDKROOT = macosx;
			};
			name = Debug;
		};
		30A0AB5B1ACC12A600A0DDA3 /* Release */ = {
			isa = XCBuildConfiguration;
			buildSettings = {
				ALWAYS_SEARCH_USER_PATHS = NO;
				CLANG_CXX_LANGUAGE_STANDARD = "gnu++0x";
				CLANG_CXX_LIBRARY = "libc++";
				CLANG_ENABLE_MODULES = YES;
				CLANG_ENABLE_OBJC_ARC = YES;
				CLANG_WARN_BOOL_CONVERSION = YES;
				CLANG_WARN_CONSTANT_CONVERSION = YES;
				CLANG_WARN_DIRECT_OBJC_ISA_USAGE = YES_ERROR;
				CLANG_WARN_EMPTY_BODY = YES;
				CLANG_WARN_ENUM_CONVERSION = YES;
				CLANG_WARN_INT_CONVERSION = YES;
				CLANG_WARN_OBJC_ROOT_CLASS = YES_ERROR;
				CLANG_WARN_UNREACHABLE_CODE = YES;
				CLANG_WARN__DUPLICATE_METHOD_MATCH = YES;
				COPY_PHASE_STRIP = NO;
				DEBUG_INFORMATION_FORMAT = "dwarf-with-dsym";
				ENABLE_NS_ASSERTIONS = NO;
				ENABLE_STRICT_OBJC_MSGSEND = YES;
				GCC_C_LANGUAGE_STANDARD = gnu99;
				GCC_WARN_64_TO_32_BIT_CONVERSION = YES;
				GCC_WARN_ABOUT_RETURN_TYPE = YES_ERROR;
				GCC_WARN_UNDECLARED_SELECTOR = YES;
				GCC_WARN_UNINITIALIZED_AUTOS = YES_AGGRESSIVE;
				GCC_WARN_UNUSED_FUNCTION = YES;
				GCC_WARN_UNUSED_VARIABLE = YES;
				MACOSX_DEPLOYMENT_TARGET = 10.10;
				MTL_ENABLE_DEBUG_INFO = NO;
				SDKROOT = macosx;
			};
			name = Release;
		};
		30A0AB5D1ACC12A600A0DDA3 /* Debug */ = {
			isa = XCBuildConfiguration;
			buildSettings = {
				PRODUCT_NAME = "$(TARGET_NAME)";
			};
			name = Debug;
		};
		30A0AB5E1ACC12A600A0DDA3 /* Release */ = {
			isa = XCBuildConfiguration;
			buildSettings = {
				PRODUCT_NAME = "$(TARGET_NAME)";
			};
			name = Release;
		};
/* End XCBuildConfiguration section */

/* Begin XCConfigurationList section */
		30A0AB501ACC12A600A0DDA3 /* Build configuration list for PBXProject "PAT(1009)" */ = {
			isa = XCConfigurationList;
			buildConfigurations = (
				30A0AB5A1ACC12A600A0DDA3 /* Debug */,
				30A0AB5B1ACC12A600A0DDA3 /* Release */,
			);
			defaultConfigurationIsVisible = 0;
			defaultConfigurationName = Release;
		};
		30A0AB5C1ACC12A600A0DDA3 /* Build configuration list for PBXNativeTarget "PAT(1009)" */ = {
			isa = XCConfigurationList;
			buildConfigurations = (
				30A0AB5D1ACC12A600A0DDA3 /* Debug */,
				30A0AB5E1ACC12A600A0DDA3 /* Release */,
			);
			defaultConfigurationIsVisible = 0;
		};
/* End XCConfigurationList section */
	};
	rootObject = 30A0AB4D1ACC12A600A0DDA3 /* Project object */;
}
